
Microsoft Visual Studio Solution File, Format Version 12.00
# Visual Studio Version 17
VisualStudioVersion = 17.3.32929.385
MinimumVisualStudioVersion = 10.0.40219.1
Project("{9A19103F-16F7-4668-BE54-9A1E7A4F7556}") = "semafors", "semafors\semafors.csproj", "{84221BD3-AA1C-4046-907E-1C6C40B814DD}"
EndProject
Project("{9A19103F-16F7-4668-BE54-9A1E7A4F7556}") = "monitors", "monitors\monitors.csproj", "{31F63B5A-2334-4ED1-8E6D-C0FE72763636}"
EndProject
Project("{9A19103F-16F7-4668-BE54-9A1E7A4F7556}") = "Exp_1", "Exp_1\Exp_1.csproj", "{5C704D23-6B42-44F6-9833-ECAADB2C28EE}"
EndProject
Project("{9A19103F-16F7-4668-BE54-9A1E7A4F7556}") = "Exp_2", "Exp_2\Exp_2.csproj", "{21ECEA2B-AA28-4302-85A3-59CD39E9A818}"
EndProject
Project("{9A19103F-16F7-4668-BE54-9A1E7A4F7556}") = "Exp_3", "Exp_3\Exp_3.csproj", "{ED2C8268-E683-4247-A889-4A0C0AE29553}"
EndProject
Global
	GlobalSection(SolutionConfigurationPlatforms) = preSolution
		Debug|Any CPU = Debug|Any CPU
		Release|Any CPU = Release|Any CPU
	EndGlobalSection
	GlobalSection(ProjectConfigurationPlatforms) = postSolution
		{84221BD3-AA1C-4046-907E-1C6C40B814DD}.Debug|Any CPU.ActiveCfg = Debug|Any CPU
		{84221BD3-AA1C-4046-907E-1C6C40B814DD}.Debug|Any CPU.Build.0 = Debug|Any CPU
		{84221BD3-AA1C-4046-907E-1C6C40B814DD}.Release|Any CPU.ActiveCfg = Release|Any CPU
		{84221BD3-AA1C-4046-907E-1C6C40B814DD}.Release|Any CPU.Build.0 = Release|Any CPU
		{31F63B5A-2334-4ED1-8E6D-C0FE72763636}.Debug|Any CPU.ActiveCfg = Debug|Any CPU
		{31F63B5A-2334-4ED1-8E6D-C0FE72763636}.Debug|Any CPU.Build.0 = Debug|Any CPU
		{31F63B5A-2334-4ED1-8E6D-C0FE72763636}.Release|Any CPU.ActiveCfg = Release|Any CPU
		{31F63B5A-2334-4ED1-8E6D-C0FE72763636}.Release|Any CPU.Build.0 = Release|Any CPU
		{5C704D23-6B42-44F6-9833-ECAADB2C28EE}.Debug|Any CPU.ActiveCfg = Debug|Any CPU
		{5C704D23-6B42-44F6-9833-ECAADB2C28EE}.Debug|Any CPU.Build.0 = Debug|Any CPU
		{5C704D23-6B42-44F6-9833-ECAADB2C28EE}.Release|Any CPU.ActiveCfg = Release|Any CPU
		{5C704D23-6B42-44F6-9833-ECAADB2C28EE}.Release|Any CPU.Build.0 = Release|Any CPU
		{21ECEA2B-AA28-4302-85A3-59CD39E9A818}.Debug|Any CPU.ActiveCfg = Debug|Any CPU
		{21ECEA2B-AA28-4302-85A3-59CD39E9A818}.Debug|Any CPU.Build.0 = Debug|Any CPU
		{21ECEA2B-AA28-4302-85A3-59CD39E9A818}.Release|Any CPU.ActiveCfg = Release|Any CPU
		{21ECEA2B-AA28-4302-85A3-59CD39E9A818}.Release|Any CPU.Build.0 = Release|Any CPU
		{ED2C8268-E683-4247-A889-4A0C0AE29553}.Debug|Any CPU.ActiveCfg = Debug|Any CPU
		{ED2C8268-E683-4247-A889-4A0C0AE29553}.Debug|Any CPU.Build.0 = Debug|Any CPU
		{ED2C8268-E683-4247-A889-4A0C0AE29553}.Release|Any CPU.ActiveCfg = Release|Any CPU
		{ED2C8268-E683-4247-A889-4A0C0AE29553}.Release|Any CPU.Build.0 = Release|Any CPU
	EndGlobalSection
	GlobalSection(SolutionProperties) = preSolution
		HideSolutionNode = FALSE
	EndGlobalSection
	GlobalSection(ExtensibilityGlobals) = postSolution
		SolutionGuid = {AE2B7060-9C81-4D23-8989-3B917CE5F699}
	EndGlobalSection
EndGlobal
